
Microsoft Visual Studio Solution File, Format Version 12.00
# Visual Studio Version 16
VisualStudioVersion = 16.0.29728.190
MinimumVisualStudioVersion = 10.0.40219.1
Project("{FAE04EC0-301F-11D3-BF4B-00C04F79EFBC}") = "SampleSerilogApi", "SampleSerilogApi\SampleSerilogApi.csproj", "{ED628A3F-280E-4339-939A-CF6D89AFBB88}"
EndProject
Global
	GlobalSection(SolutionConfigurationPlatforms) = preSolution
		Debug|Any CPU = Debug|Any CPU
		Release|Any CPU = Release|Any CPU
	EndGlobalSection
	GlobalSection(ProjectConfigurationPlatforms) = postSolution
		{ED628A3F-280E-4339-939A-CF6D89AFBB88}.Debug|Any CPU.ActiveCfg = Debug|Any CPU
		{ED628A3F-280E-4339-939A-CF6D89AFBB88}.Debug|Any CPU.Build.0 = Debug|Any CPU
		{ED628A3F-280E-4339-939A-CF6D89AFBB88}.Release|Any CPU.ActiveCfg = Release|Any CPU
		{ED628A3F-280E-4339-939A-CF6D89AFBB88}.Release|Any CPU.Build.0 = Release|Any CPU
	EndGlobalSection
	GlobalSection(SolutionProperties) = preSolution
		HideSolutionNode = FALSE
	EndGlobalSection
	GlobalSection(ExtensibilityGlobals) = postSolution
		SolutionGuid = {9F2F9D8F-E9FD-4467-B843-CD7179597905}
	EndGlobalSection
EndGlobal
